// !$*UTF8*$!
{
	archiveVersion = 1;
	classes = {
	};
	objectVersion = 77;
	objects = {

/* Begin PBXContainerItemProxy section */
		57C3631D2E52BBC4003FE425 /* PBXContainerItemProxy */ = {
			isa = PBXContainerItemProxy;
			containerPortal = 57C363072E52BBC3003FE425 /* Project object */;
			proxyType = 1;
			remoteGlobalIDString = 57C3630E2E52BBC3003FE425;
			remoteInfo = YgoShuffle;
		};
		57C363272E52BBC4003FE425 /* PBXContainerItemProxy */ = {
			isa = PBXContainerItemProxy;
			containerPortal = 57C363072E52BBC3003FE425 /* Project object */;
			proxyType = 1;
			remoteGlobalIDString = 57C3630E2E52BBC3003FE425;
			remoteInfo = YgoShuffle;
		};
/* End PBXContainerItemProxy section */

/* Begin PBXFileReference section */
		57C3630F2E52BBC3003FE425 /* YgoShuffle.app */ = {isa = PBXFileReference; explicitFileType = wrapper.application; includeInIndex = 0; path = YgoShuffle.app; sourceTree = BUILT_PRODUCTS_DIR; };
		57C3631C2E52BBC4003FE425 /* YgoShuffleTests.xctest */ = {isa = PBXFileReference; explicitFileType = wrapper.cfbundle; includeInIndex = 0; path = YgoShuffleTests.xctest; sourceTree = BUILT_PRODUCTS_DIR; };
		57C363262E52BBC4003FE425 /* YgoShuffleUITests.xctest */ = {isa = PBXFileReference; explicitFileType = wrapper.cfbundle; includeInIndex = 0; path = YgoShuffleUITests.xctest; sourceTree = BUILT_PRODUCTS_DIR; };
/* End PBXFileReference section */

/* Begin PBXFileSystemSynchronizedRootGroup section */
		57C363112E52BBC3003FE425 /* YgoShuffle */ = {
			isa = PBXFileSystemSynchronizedRootGroup;
			path = YgoShuffle;
			sourceTree = "<group>";
		};
		57C3631F2E52BBC4003FE425 /* YgoShuffleTests */ = {
			isa = PBXFileSystemSynchronizedRootGroup;
			path = YgoShuffleTests;
			sourceTree = "<group>";
		};
		57C363292E52BBC4003FE425 /* YgoShuffleUITests */ = {
			isa = PBXFileSystemSynchronizedRootGroup;
			path = YgoShuffleUITests;
			sourceTree = "<group>";
		};
/* End PBXFileSystemSynchronizedRootGroup section */

/* Begin PBXFrameworksBuildPhase section */
		57C3630C2E52BBC3003FE425 /* Frameworks */ = {
			isa = PBXFrameworksBuildPhase;
			buildActionMask = 2147483647;
			files = (
			);
			runOnlyForDeploymentPostprocessing = 0;
		};
		57C363192E52BBC4003FE425 /* Frameworks */ = {
			isa = PBXFrameworksBuildPhase;
			buildActionMask = 2147483647;
			files = (
			);
			runOnlyForDeploymentPostprocessing = 0;
		};
		57C363232E52BBC4003FE425 /* Frameworks */ = {
			isa = PBXFrameworksBuildPhase;
			buildActionMask = 2147483647;
			files = (
			);
			runOnlyForDeploymentPostprocessing = 0;
		};
/* End PBXFrameworksBuildPhase section */

/* Begin PBXGroup section */
		57C363062E52BBC3003FE425 = {
			isa = PBXGroup;
			children = (
				57C363112E52BBC3003FE425 /* YgoShuffle */,
				57C3631F2E52BBC4003FE425 /* YgoShuffleTests */,
				57C363292E52BBC4003FE425 /* YgoShuffleUITests */,
				57C363102E52BBC3003FE425 /* Products */,
			);
			sourceTree = "<group>";
		};
		57C363102E52BBC3003FE425 /* Products */ = {
			isa = PBXGroup;
			children = (
				57C3630F2E52BBC3003FE425 /* YgoShuffle.app */,
				57C3631C2E52BBC4003FE425 /* YgoShuffleTests.xctest */,
				57C363262E52BBC4003FE425 /* YgoShuffleUITests.xctest */,
			);
			name = Products;
			sourceTree = "<group>";
		};
/* End PBXGroup section */

/* Begin PBXNativeTarget section */
		57C3630E2E52BBC3003FE425 /* YgoShuffle */ = {
			isa = PBXNativeTarget;
			buildConfigurationList = 57C363302E52BBC4003FE425 /* Build configuration list for PBXNativeTarget "YgoShuffle" */;
			buildPhases = (
				57C3630B2E52BBC3003FE425 /* Sources */,
				57C3630C2E52BBC3003FE425 /* Frameworks */,
				57C3630D2E52BBC3003FE425 /* Resources */,
			);
			buildRules = (
			);
			dependencies = (
			);
			fileSystemSynchronizedGroups = (
				57C363112E52BBC3003FE425 /* YgoShuffle */,
			);
			name = YgoShuffle;
			packageProductDependencies = (
			);
			productName = YgoShuffle;
			productReference = 57C3630F2E52BBC3003FE425 /* YgoShuffle.app */;
			productType = "com.apple.product-type.application";
		};
		57C3631B2E52BBC4003FE425 /* YgoShuffleTests */ = {
			isa = PBXNativeTarget;
			buildConfigurationList = 57C363332E52BBC4003FE425 /* Build configuration list for PBXNativeTarget "YgoShuffleTests" */;
			buildPhases = (
				57C363182E52BBC4003FE425 /* Sources */,
				57C363192E52BBC4003FE425 /* Frameworks */,
				57C3631A2E52BBC4003FE425 /* Resources */,
			);
			buildRules = (
			);
			dependencies = (
				57C3631E2E52BBC4003FE425 /* PBXTargetDependency */,
			);
			fileSystemSynchronizedGroups = (
				57C3631F2E52BBC4003FE425 /* YgoShuffleTests */,
			);
			name = YgoShuffleTests;
			packageProductDependencies = (
			);
			productName = YgoShuffleTests;
			productReference = 57C3631C2E52BBC4003FE425 /* YgoShuffleTests.xctest */;
			productType = "com.apple.product-type.bundle.unit-test";
		};
		57C363252E52BBC4003FE425 /* YgoShuffleUITests */ = {
			isa = PBXNativeTarget;
			buildConfigurationList = 57C363362E52BBC4003FE425 /* Build configuration list for PBXNativeTarget "YgoShuffleUITests" */;
			buildPhases = (
				57C363222E52BBC4003FE425 /* Sources */,
				57C363232E52BBC4003FE425 /* Frameworks */,
				57C363242E52BBC4003FE425 /* Resources */,
			);
			buildRules = (
			);
			dependencies = (
				57C363282E52BBC4003FE425 /* PBXTargetDependency */,
			);
			fileSystemSynchronizedGroups = (
				57C363292E52BBC4003FE425 /* YgoShuffleUITests */,
			);
			name = YgoShuffleUITests;
			packageProductDependencies = (
			);
			productName = YgoShuffleUITests;
			productReference = 57C363262E52BBC4003FE425 /* YgoShuffleUITests.xctest */;
			productType = "com.apple.product-type.bundle.ui-testing";
		};
/* End PBXNativeTarget section */

/* Begin PBXProject section */
		57C363072E52BBC3003FE425 /* Project object */ = {
			isa = PBXProject;
			attributes = {
				BuildIndependentTargetsInParallel = 1;
				LastSwiftUpdateCheck = 1640;
				LastUpgradeCheck = 1640;
				TargetAttributes = {
					57C3630E2E52BBC3003FE425 = {
						CreatedOnToolsVersion = 16.4;
					};
					57C3631B2E52BBC4003FE425 = {
						CreatedOnToolsVersion = 16.4;
						TestTargetID = 57C3630E2E52BBC3003FE425;
					};
					57C363252E52BBC4003FE425 = {
						CreatedOnToolsVersion = 16.4;
						TestTargetID = 57C3630E2E52BBC3003FE425;
					};
				};
			};
			buildConfigurationList = 57C3630A2E52BBC3003FE425 /* Build configuration list for PBXProject "YgoShuffle" */;
			developmentRegion = en;
			hasScannedForEncodings = 0;
			knownRegions = (
				en,
				Base,
			);
			mainGroup = 57C363062E52BBC3003FE425;
			minimizedProjectReferenceProxies = 1;
			preferredProjectObjectVersion = 77;
			productRefGroup = 57C363102E52BBC3003FE425 /* Products */;
			projectDirPath = "";
			projectRoot = "";
			targets = (
				57C3630E2E52BBC3003FE425 /* YgoShuffle */,
				57C3631B2E52BBC4003FE425 /* YgoShuffleTests */,
				57C363252E52BBC4003FE425 /* YgoShuffleUITests */,
			);
		};
/* End PBXProject section */

/* Begin PBXResourcesBuildPhase section */
		57C3630D2E52BBC3003FE425 /* Resources */ = {
			isa = PBXResourcesBuildPhase;
			buildActionMask = 2147483647;
			files = (
			);
			runOnlyForDeploymentPostprocessing = 0;
		};
		57C3631A2E52BBC4003FE425 /* Resources */ = {
			isa = PBXResourcesBuildPhase;
			buildActionMask = 2147483647;
			files = (
			);
			runOnlyForDeploymentPostprocessing = 0;
		};
		57C363242E52BBC4003FE425 /* Resources */ = {
			isa = PBXResourcesBuildPhase;
			buildActionMask = 2147483647;
			files = (
			);
			runOnlyForDeploymentPostprocessing = 0;
		};
/* End PBXResourcesBuildPhase section */

/* Begin PBXSourcesBuildPhase section */
		57C3630B2E52BBC3003FE425 /* Sources */ = {
			isa = PBXSourcesBuildPhase;
			buildActionMask = 2147483647;
			files = (
			);
			runOnlyForDeploymentPostprocessing = 0;
		};
		57C363182E52BBC4003FE425 /* Sources */ = {
			isa = PBXSourcesBuildPhase;
			buildActionMask = 2147483647;
			files = (
			);
			runOnlyForDeploymentPostprocessing = 0;
		};
		57C363222E52BBC4003FE425 /* Sources */ = {
			isa = PBXSourcesBuildPhase;
			buildActionMask = 2147483647;
			files = (
			);
			runOnlyForDeploymentPostprocessing = 0;
		};
/* End PBXSourcesBuildPhase section */

/* Begin PBXTargetDependency section */
		57C3631E2E52BBC4003FE425 /* PBXTargetDependency */ = {
			isa = PBXTargetDependency;
			target = 57C3630E2E52BBC3003FE425 /* YgoShuffle */;
			targetProxy = 57C3631D2E52BBC4003FE425 /* PBXContainerItemProxy */;
		};
		57C363282E52BBC4003FE425 /* PBXTargetDependency */ = {
			isa = PBXTargetDependency;
			target = 57C3630E2E52BBC3003FE425 /* YgoShuffle */;
			targetProxy = 57C363272E52BBC4003FE425 /* PBXContainerItemProxy */;
		};
/* End PBXTargetDependency section */

/* Begin XCBuildConfiguration section */
		57C3632E2E52BBC4003FE425 /* Debug */ = {
			isa = XCBuildConfiguration;
			buildSettings = {
				ALWAYS_SEARCH_USER_PATHS = NO;
				ASSETCATALOG_COMPILER_GENERATE_SWIFT_ASSET_SYMBOL_EXTENSIONS = YES;
				CLANG_ANALYZER_NONNULL = YES;
				CLANG_ANALYZER_NUMBER_OBJECT_CONVERSION = YES_AGGRESSIVE;
				CLANG_CXX_LANGUAGE_STANDARD = "gnu++20";
				CLANG_ENABLE_MODULES = YES;
				CLANG_ENABLE_OBJC_ARC = YES;
				CLANG_ENABLE_OBJC_WEAK = YES;
				CLANG_WARN_BLOCK_CAPTURE_AUTORELEASING = YES;
				CLANG_WARN_BOOL_CONVERSION = YES;
				CLANG_WARN_COMMA = YES;
				CLANG_WARN_CONSTANT_CONVERSION = YES;
				CLANG_WARN_DEPRECATED_OBJC_IMPLEMENTATIONS = YES;
				CLANG_WARN_DIRECT_OBJC_ISA_USAGE = YES_ERROR;
				CLANG_WARN_DOCUMENTATION_COMMENTS = YES;
				CLANG_WARN_EMPTY_BODY = YES;
				CLANG_WARN_ENUM_CONVERSION = YES;
				CLANG_WARN_INFINITE_RECURSION = YES;
				CLANG_WARN_INT_CONVERSION = YES;
				CLANG_WARN_NON_LITERAL_NULL_CONVERSION = YES;
				CLANG_WARN_OBJC_IMPLICIT_RETAIN_SELF = YES;
				CLANG_WARN_OBJC_LITERAL_CONVERSION = YES;
				CLANG_WARN_OBJC_ROOT_CLASS = YES_ERROR;
				CLANG_WARN_QUOTED_INCLUDE_IN_FRAMEWORK_HEADER = YES;
				CLANG_WARN_RANGE_LOOP_ANALYSIS = YES;
				CLANG_WARN_STRICT_PROTOTYPES = YES;
				CLANG_WARN_SUSPICIOUS_MOVE = YES;
				CLANG_WARN_UNGUARDED_AVAILABILITY = YES_AGGRESSIVE;
				CLANG_WARN_UNREACHABLE_CODE = YES;
				CLANG_WARN__DUPLICATE_METHOD_MATCH = YES;
				COPY_PHASE_STRIP = NO;
				DEBUG_INFORMATION_FORMAT = dwarf;
				DEVELOPMENT_TEAM = S3QJ5NDB7F;
				ENABLE_STRICT_OBJC_MSGSEND = YES;
				ENABLE_TESTABILITY = YES;
				ENABLE_USER_SCRIPT_SANDBOXING = YES;
				GCC_C_LANGUAGE_STANDARD = gnu17;
				GCC_DYNAMIC_NO_PIC = NO;
				GCC_NO_COMMON_BLOCKS = YES;
				GCC_OPTIMIZATION_LEVEL = 0;
				GCC_PREPROCESSOR_DEFINITIONS = (
					"DEBUG=1",
					"$(inherited)",
				);
				GCC_WARN_64_TO_32_BIT_CONVERSION = YES;
				GCC_WARN_ABOUT_RETURN_TYPE = YES_ERROR;
				GCC_WARN_UNDECLARED_SELECTOR = YES;
				GCC_WARN_UNINITIALIZED_AUTOS = YES_AGGRESSIVE;
				GCC_WARN_UNUSED_FUNCTION = YES;
				GCC_WARN_UNUSED_VARIABLE = YES;
				IPHONEOS_DEPLOYMENT_TARGET = 18.5;
				LOCALIZATION_PREFERS_STRING_CATALOGS = YES;
				MTL_ENABLE_DEBUG_INFO = INCLUDE_SOURCE;
				MTL_FAST_MATH = YES;
				ONLY_ACTIVE_ARCH = YES;
				SDKROOT = iphoneos;
				SWIFT_ACTIVE_COMPILATION_CONDITIONS = "DEBUG $(inherited)";
				SWIFT_OPTIMIZATION_LEVEL = "-Onone";
			};
			name = Debug;
		};
		57C3632F2E52BBC4003FE425 /* Release */ = {
			isa = XCBuildConfiguration;
			buildSettings = {
				ALWAYS_SEARCH_USER_PATHS = NO;
				ASSETCATALOG_COMPILER_GENERATE_SWIFT_ASSET_SYMBOL_EXTENSIONS = YES;
				CLANG_ANALYZER_NONNULL = YES;
				CLANG_ANALYZER_NUMBER_OBJECT_CONVERSION = YES_AGGRESSIVE;
				CLANG_CXX_LANGUAGE_STANDARD = "gnu++20";
				CLANG_ENABLE_MODULES = YES;
				CLANG_ENABLE_OBJC_ARC = YES;
				CLANG_ENABLE_OBJC_WEAK = YES;
				CLANG_WARN_BLOCK_CAPTURE_AUTORELEASING = YES;
				CLANG_WARN_BOOL_CONVERSION = YES;
				CLANG_WARN_COMMA = YES;
				CLANG_WARN_CONSTANT_CONVERSION = YES;
				CLANG_WARN_DEPRECATED_OBJC_IMPLEMENTATIONS = YES;
				CLANG_WARN_DIRECT_OBJC_ISA_USAGE = YES_ERROR;
				CLANG_WARN_DOCUMENTATION_COMMENTS = YES;
				CLANG_WARN_EMPTY_BODY = YES;
				CLANG_WARN_ENUM_CONVERSION = YES;
				CLANG_WARN_INFINITE_RECURSION = YES;
				CLANG_WARN_INT_CONVERSION = YES;
				CLANG_WARN_NON_LITERAL_NULL_CONVERSION = YES;
				CLANG_WARN_OBJC_IMPLICIT_RETAIN_SELF = YES;
				CLANG_WARN_OBJC_LITERAL_CONVERSION = YES;
				CLANG_WARN_OBJC_ROOT_CLASS = YES_ERROR;
				CLANG_WARN_QUOTED_INCLUDE_IN_FRAMEWORK_HEADER = YES;
				CLANG_WARN_RANGE_LOOP_ANALYSIS = YES;
				CLANG_WARN_STRICT_PROTOTYPES = YES;
				CLANG_WARN_SUSPICIOUS_MOVE = YES;
				CLANG_WARN_UNGUARDED_AVAILABILITY = YES_AGGRESSIVE;
				CLANG_WARN_UNREACHABLE_CODE = YES;
				CLANG_WARN__DUPLICATE_METHOD_MATCH = YES;
				COPY_PHASE_STRIP = NO;
				DEBUG_INFORMATION_FORMAT = "dwarf-with-dsym";
				DEVELOPMENT_TEAM = S3QJ5NDB7F;
				ENABLE_NS_ASSERTIONS = NO;
				ENABLE_STRICT_OBJC_MSGSEND = YES;
				ENABLE_USER_SCRIPT_SANDBOXING = YES;
				GCC_C_LANGUAGE_STANDARD = gnu17;
				GCC_NO_COMMON_BLOCKS = YES;
				GCC_WARN_64_TO_32_BIT_CONVERSION = YES;
				GCC_WARN_ABOUT_RETURN_TYPE = YES_ERROR;
				GCC_WARN_UNDECLARED_SELECTOR = YES;
				GCC_WARN_UNINITIALIZED_AUTOS = YES_AGGRESSIVE;
				GCC_WARN_UNUSED_FUNCTION = YES;
				GCC_WARN_UNUSED_VARIABLE = YES;
				IPHONEOS_DEPLOYMENT_TARGET = 18.5;
				LOCALIZATION_PREFERS_STRING_CATALOGS = YES;
				MTL_ENABLE_DEBUG_INFO = NO;
				MTL_FAST_MATH = YES;
				SDKROOT = iphoneos;
				SWIFT_COMPILATION_MODE = wholemodule;
				VALIDATE_PRODUCT = YES;
			};
			name = Release;
		};
		57C363312E52BBC4003FE425 /* Debug */ = {
			isa = XCBuildConfiguration;
			buildSettings = {
				ASSETCATALOG_COMPILER_APPICON_NAME = AppIcon;
				ASSETCATALOG_COMPILER_GLOBAL_ACCENT_COLOR_NAME = AccentColor;
				CODE_SIGN_STYLE = Automatic;
				CURRENT_PROJECT_VERSION = 1;
				DEVELOPMENT_TEAM = S3QJ5NDB7F;
				ENABLE_PREVIEWS = YES;
				GENERATE_INFOPLIST_FILE = YES;
				INFOPLIST_KEY_UIApplicationSceneManifest_Generation = YES;
				INFOPLIST_KEY_UIApplicationSupportsIndirectInputEvents = YES;
				INFOPLIST_KEY_UILaunchScreen_Generation = YES;
				INFOPLIST_KEY_UISupportedInterfaceOrientations_iPad = "UIInterfaceOrientationPortrait UIInterfaceOrientationPortraitUpsideDown UIInterfaceOrientationLandscapeLeft UIInterfaceOrientationLandscapeRight";
				INFOPLIST_KEY_UISupportedInterfaceOrientations_iPhone = "UIInterfaceOrientationPortrait UIInterfaceOrientationLandscapeLeft UIInterfaceOrientationLandscapeRight";
				LD_RUNPATH_SEARCH_PATHS = (
					"$(inherited)",
					"@executable_path/Frameworks",
				);
				MARKETING_VERSION = 1.0;
				PRODUCT_BUNDLE_IDENTIFIER = YgoShuffle.com.DaveyWavey.YgoShuffle;
				PRODUCT_NAME = "$(TARGET_NAME)";
				SWIFT_EMIT_LOC_STRINGS = YES;
				SWIFT_VERSION = 5.0;
				TARGETED_DEVICE_FAMILY = "1,2";
			};
			name = Debug;
		};
		57C363322E52BBC4003FE425 /* Release */ = {
			isa = XCBuildConfiguration;
			buildSettings = {
				ASSETCATALOG_COMPILER_APPICON_NAME = AppIcon;
				ASSETCATALOG_COMPILER_GLOBAL_ACCENT_COLOR_NAME = AccentColor;
				CODE_SIGN_STYLE = Automatic;
				CURRENT_PROJECT_VERSION = 1;
				DEVELOPMENT_TEAM = S3QJ5NDB7F;
				ENABLE_PREVIEWS = YES;
				GENERATE_INFOPLIST_FILE = YES;
				INFOPLIST_KEY_UIApplicationSceneManifest_Generation = YES;
				INFOPLIST_KEY_UIApplicationSupportsIndirectInputEvents = YES;
				INFOPLIST_KEY_UILaunchScreen_Generation = YES;
				INFOPLIST_KEY_UISupportedInterfaceOrientations_iPad = "UIInterfaceOrientationPortrait UIInterfaceOrientationPortraitUpsideDown UIInterfaceOrientationLandscapeLeft UIInterfaceOrientationLandscapeRight";
				INFOPLIST_KEY_UISupportedInterfaceOrientations_iPhone = "UIInterfaceOrientationPortrait UIInterfaceOrientationLandscapeLeft UIInterfaceOrientationLandscapeRight";
				LD_RUNPATH_SEARCH_PATHS = (
					"$(inherited)",
					"@executable_path/Frameworks",
				);
				MARKETING_VERSION = 1.0;
				PRODUCT_BUNDLE_IDENTIFIER = YgoShuffle.com.DaveyWavey.YgoShuffle;
				PRODUCT_NAME = "$(TARGET_NAME)";
				SWIFT_EMIT_LOC_STRINGS = YES;
				SWIFT_VERSION = 5.0;
				TARGETED_DEVICE_FAMILY = "1,2";
			};
			name = Release;
		};
		57C363342E52BBC4003FE425 /* Debug */ = {
			isa = XCBuildConfiguration;
			buildSettings = {
				BUNDLE_LOADER = "$(TEST_HOST)";
				CODE_SIGN_STYLE = Automatic;
				CURRENT_PROJECT_VERSION = 1;
				DEVELOPMENT_TEAM = S3QJ5NDB7F;
				GENERATE_INFOPLIST_FILE = YES;
				IPHONEOS_DEPLOYMENT_TARGET = 18.5;
				MARKETING_VERSION = 1.0;
				PRODUCT_BUNDLE_IDENTIFIER = YgoShuffle.com.DaveyWavey.YgoShuffleTests;
				PRODUCT_NAME = "$(TARGET_NAME)";
				SWIFT_EMIT_LOC_STRINGS = NO;
				SWIFT_VERSION = 5.0;
				TARGETED_DEVICE_FAMILY = "1,2";
				TEST_HOST = "$(BUILT_PRODUCTS_DIR)/YgoShuffle.app/$(BUNDLE_EXECUTABLE_FOLDER_PATH)/YgoShuffle";
			};
			name = Debug;
		};
		57C363352E52BBC4003FE425 /* Release */ = {
			isa = XCBuildConfiguration;
			buildSettings = {
				BUNDLE_LOADER = "$(TEST_HOST)";
				CODE_SIGN_STYLE = Automatic;
				CURRENT_PROJECT_VERSION = 1;
				DEVELOPMENT_TEAM = S3QJ5NDB7F;
				GENERATE_INFOPLIST_FILE = YES;
				IPHONEOS_DEPLOYMENT_TARGET = 18.5;
				MARKETING_VERSION = 1.0;
				PRODUCT_BUNDLE_IDENTIFIER = YgoShuffle.com.DaveyWavey.YgoShuffleTests;
				PRODUCT_NAME = "$(TARGET_NAME)";
				SWIFT_EMIT_LOC_STRINGS = NO;
				SWIFT_VERSION = 5.0;
				TARGETED_DEVICE_FAMILY = "1,2";
				TEST_HOST = "$(BUILT_PRODUCTS_DIR)/YgoShuffle.app/$(BUNDLE_EXECUTABLE_FOLDER_PATH)/YgoShuffle";
			};
			name = Release;
		};
		57C363372E52BBC4003FE425 /* Debug */ = {
			isa = XCBuildConfiguration;
			buildSettings = {
				CODE_SIGN_STYLE = Automatic;
				CURRENT_PROJECT_VERSION = 1;
				DEVELOPMENT_TEAM = S3QJ5NDB7F;
				GENERATE_INFOPLIST_FILE = YES;
				MARKETING_VERSION = 1.0;
				PRODUCT_BUNDLE_IDENTIFIER = YgoShuffle.com.DaveyWavey.YgoShuffleUITests;
				PRODUCT_NAME = "$(TARGET_NAME)";
				SWIFT_EMIT_LOC_STRINGS = NO;
				SWIFT_VERSION = 5.0;
				TARGETED_DEVICE_FAMILY = "1,2";
				TEST_TARGET_NAME = YgoShuffle;
			};
			name = Debug;
		};
		57C363382E52BBC4003FE425 /* Release */ = {
			isa = XCBuildConfiguration;
			buildSettings = {
				CODE_SIGN_STYLE = Automatic;
				CURRENT_PROJECT_VERSION = 1;
				DEVELOPMENT_TEAM = S3QJ5NDB7F;
				GENERATE_INFOPLIST_FILE = YES;
				MARKETING_VERSION = 1.0;
				PRODUCT_BUNDLE_IDENTIFIER = YgoShuffle.com.DaveyWavey.YgoShuffleUITests;
				PRODUCT_NAME = "$(TARGET_NAME)";
				SWIFT_EMIT_LOC_STRINGS = NO;
				SWIFT_VERSION = 5.0;
				TARGETED_DEVICE_FAMILY = "1,2";
				TEST_TARGET_NAME = YgoShuffle;
			};
			name = Release;
		};
/* End XCBuildConfiguration section */

/* Begin XCConfigurationList section */
		57C3630A2E52BBC3003FE425 /* Build configuration list for PBXProject "YgoShuffle" */ = {
			isa = XCConfigurationList;
			buildConfigurations = (
				57C3632E2E52BBC4003FE425 /* Debug */,
				57C3632F2E52BBC4003FE425 /* Release */,
			);
			defaultConfigurationIsVisible = 0;
			defaultConfigurationName = Release;
		};
		57C363302E52BBC4003FE425 /* Build configuration list for PBXNativeTarget "YgoShuffle" */ = {
			isa = XCConfigurationList;
			buildConfigurations = (
				57C363312E52BBC4003FE425 /* Debug */,
				57C363322E52BBC4003FE425 /* Release */,
			);
			defaultConfigurationIsVisible = 0;
			defaultConfigurationName = Release;
		};
		57C363332E52BBC4003FE425 /* Build configuration list for PBXNativeTarget "YgoShuffleTests" */ = {
			isa = XCConfigurationList;
			buildConfigurations = (
				57C363342E52BBC4003FE425 /* Debug */,
				57C363352E52BBC4003FE425 /* Release */,
			);
			defaultConfigurationIsVisible = 0;
			defaultConfigurationName = Release;
		};
		57C363362E52BBC4003FE425 /* Build configuration list for PBXNativeTarget "YgoShuffleUITests" */ = {
			isa = XCConfigurationList;
			buildConfigurations = (
				57C363372E52BBC4003FE425 /* Debug */,
				57C363382E52BBC4003FE425 /* Release */,
			);
			defaultConfigurationIsVisible = 0;
			defaultConfigurationName = Release;
		};
/* End XCConfigurationList section */
	};
	rootObject = 57C363072E52BBC3003FE425 /* Project object */;
}
